
Microsoft Visual Studio Solution File, Format Version 12.00
# Visual Studio Version 17
VisualStudioVersion = 17.11.35312.102
MinimumVisualStudioVersion = 10.0.40219.1
Project("{9A19103F-16F7-4668-BE54-9A1E7A4F7556}") = "Persetation", "Project\Persetation.csproj", "{93D07341-D23A-400F-ACDB-4DDC0CECA751}"
EndProject
Project("{FAE04EC0-301F-11D3-BF4B-00C04F79EFBC}") = "BusinessLogic", "BusinessLogic\BusinessLogic.csproj", "{015DC454-0703-4EF3-8C62-AA5E61485BF7}"
EndProject
Project("{FAE04EC0-301F-11D3-BF4B-00C04F79EFBC}") = "Data_Access", "Data_Access\Data_Access.csproj", "{450154F7-5E3A-47FE-858C-A4EBCEB8B2C2}"
EndProject
Global
	GlobalSection(SolutionConfigurationPlatforms) = preSolution
		Debug|Any CPU = Debug|Any CPU
		Release|Any CPU = Release|Any CPU
	EndGlobalSection
	GlobalSection(ProjectConfigurationPlatforms) = postSolution
		{93D07341-D23A-400F-ACDB-4DDC0CECA751}.Debug|Any CPU.ActiveCfg = Debug|Any CPU
		{93D07341-D23A-400F-ACDB-4DDC0CECA751}.Debug|Any CPU.Build.0 = Debug|Any CPU
		{93D07341-D23A-400F-ACDB-4DDC0CECA751}.Release|Any CPU.ActiveCfg = Release|Any CPU
		{93D07341-D23A-400F-ACDB-4DDC0CECA751}.Release|Any CPU.Build.0 = Release|Any CPU
		{015DC454-0703-4EF3-8C62-AA5E61485BF7}.Debug|Any CPU.ActiveCfg = Debug|Any CPU
		{015DC454-0703-4EF3-8C62-AA5E61485BF7}.Debug|Any CPU.Build.0 = Debug|Any CPU
		{015DC454-0703-4EF3-8C62-AA5E61485BF7}.Release|Any CPU.ActiveCfg = Release|Any CPU
		{015DC454-0703-4EF3-8C62-AA5E61485BF7}.Release|Any CPU.Build.0 = Release|Any CPU
		{450154F7-5E3A-47FE-858C-A4EBCEB8B2C2}.Debug|Any CPU.ActiveCfg = Debug|Any CPU
		{450154F7-5E3A-47FE-858C-A4EBCEB8B2C2}.Debug|Any CPU.Build.0 = Debug|Any CPU
		{450154F7-5E3A-47FE-858C-A4EBCEB8B2C2}.Release|Any CPU.ActiveCfg = Release|Any CPU
		{450154F7-5E3A-47FE-858C-A4EBCEB8B2C2}.Release|Any CPU.Build.0 = Release|Any CPU
	EndGlobalSection
	GlobalSection(SolutionProperties) = preSolution
		HideSolutionNode = FALSE
	EndGlobalSection
	GlobalSection(ExtensibilityGlobals) = postSolution
		SolutionGuid = {36601C74-6D09-483F-BD2D-A2532D23D9B4}
	EndGlobalSection
EndGlobal
